<Solution>
  <Project Path="Csharpseesion1/Csharpseesion1.csproj" />
  <Project Path="Csharpseesion3/Csharpseesion3.csproj" Id="1927c272-3540-4507-a41b-22cc6e680498" />
  <Project Path="Task1/Task1.csproj" Id="f2361436-27e8-4baa-9593-28667e6b474e" />
  <Project Path="Task2/Task2.csproj" Id="298b50f5-89fc-4525-8349-a9c977bb2dd3" />
</Solution>
